
Microsoft Visual Studio Solution File, Format Version 12.00
# Visual Studio Version 17
VisualStudioVersion = 17.11.35219.272
MinimumVisualStudioVersion = 10.0.40219.1
Project("{FAE04EC0-301F-11D3-BF4B-00C04F79EFBC}") = "TP_POO_bibliotheque", "TP_POO_bibliotheque\TP_POO_bibliotheque.csproj", "{A397B89C-B3BA-461A-807D-4C6013558139}"
EndProject
Global
	GlobalSection(SolutionConfigurationPlatforms) = preSolution
		Debug|Any CPU = Debug|Any CPU
		Release|Any CPU = Release|Any CPU
	EndGlobalSection
	GlobalSection(ProjectConfigurationPlatforms) = postSolution
		{A397B89C-B3BA-461A-807D-4C6013558139}.Debug|Any CPU.ActiveCfg = Debug|Any CPU
		{A397B89C-B3BA-461A-807D-4C6013558139}.Debug|Any CPU.Build.0 = Debug|Any CPU
		{A397B89C-B3BA-461A-807D-4C6013558139}.Release|Any CPU.ActiveCfg = Release|Any CPU
		{A397B89C-B3BA-461A-807D-4C6013558139}.Release|Any CPU.Build.0 = Release|Any CPU
	EndGlobalSection
	GlobalSection(SolutionProperties) = preSolution
		HideSolutionNode = FALSE
	EndGlobalSection
	GlobalSection(ExtensibilityGlobals) = postSolution
		SolutionGuid = {6418E278-8F9D-43EB-A770-09DD7296432F}
	EndGlobalSection
EndGlobal
